
Microsoft Visual Studio Solution File, Format Version 12.00
# Visual Studio Version 17
VisualStudioVersion = 17.2.32505.173
MinimumVisualStudioVersion = 10.0.40219.1
Project("{FAE04EC0-301F-11D3-BF4B-00C04F79EFBC}") = "ToDoList", "ToDoList\ToDoList.csproj", "{21E7027C-32C3-45E6-BCE6-C43FE7C8C1C3}"
EndProject
Project("{FAE04EC0-301F-11D3-BF4B-00C04F79EFBC}") = "DAL", "DAL\DAL.csproj", "{A2891EF9-9360-40E1-B22B-277A855BE6E6}"
EndProject
Project("{FAE04EC0-301F-11D3-BF4B-00C04F79EFBC}") = "DTOs", "DTOs\DTOs.csproj", "{9A68AF97-E093-4B62-8CE6-A1EB741BDCEF}"
EndProject
Global
	GlobalSection(SolutionConfigurationPlatforms) = preSolution
		Debug|Any CPU = Debug|Any CPU
		Release|Any CPU = Release|Any CPU
	EndGlobalSection
	GlobalSection(ProjectConfigurationPlatforms) = postSolution
		{21E7027C-32C3-45E6-BCE6-C43FE7C8C1C3}.Debug|Any CPU.ActiveCfg = Debug|Any CPU
		{21E7027C-32C3-45E6-BCE6-C43FE7C8C1C3}.Debug|Any CPU.Build.0 = Debug|Any CPU
		{21E7027C-32C3-45E6-BCE6-C43FE7C8C1C3}.Release|Any CPU.ActiveCfg = Release|Any CPU
		{21E7027C-32C3-45E6-BCE6-C43FE7C8C1C3}.Release|Any CPU.Build.0 = Release|Any CPU
		{A2891EF9-9360-40E1-B22B-277A855BE6E6}.Debug|Any CPU.ActiveCfg = Debug|Any CPU
		{A2891EF9-9360-40E1-B22B-277A855BE6E6}.Debug|Any CPU.Build.0 = Debug|Any CPU
		{A2891EF9-9360-40E1-B22B-277A855BE6E6}.Release|Any CPU.ActiveCfg = Release|Any CPU
		{A2891EF9-9360-40E1-B22B-277A855BE6E6}.Release|Any CPU.Build.0 = Release|Any CPU
		{9A68AF97-E093-4B62-8CE6-A1EB741BDCEF}.Debug|Any CPU.ActiveCfg = Debug|Any CPU
		{9A68AF97-E093-4B62-8CE6-A1EB741BDCEF}.Debug|Any CPU.Build.0 = Debug|Any CPU
		{9A68AF97-E093-4B62-8CE6-A1EB741BDCEF}.Release|Any CPU.ActiveCfg = Release|Any CPU
		{9A68AF97-E093-4B62-8CE6-A1EB741BDCEF}.Release|Any CPU.Build.0 = Release|Any CPU
	EndGlobalSection
	GlobalSection(SolutionProperties) = preSolution
		HideSolutionNode = FALSE
	EndGlobalSection
	GlobalSection(ExtensibilityGlobals) = postSolution
		SolutionGuid = {4E06C4BB-89AF-4DEC-BDFC-BDB7921CC084}
	EndGlobalSection
EndGlobal
